
Microsoft Visual Studio Solution File, Format Version 12.00
# Visual Studio Version 16
VisualStudioVersion = 16.0.30225.117
MinimumVisualStudioVersion = 10.0.40219.1
Project("{FAE04EC0-301F-11D3-BF4B-00C04F79EFBC}") = "CS-ASP_020", "CS-ASP_020\CS-ASP_020.csproj", "{B95BE89B-86F7-4D5F-93CA-497CCEEAE285}"
EndProject
Global
	GlobalSection(SolutionConfigurationPlatforms) = preSolution
		Debug|Any CPU = Debug|Any CPU
		Release|Any CPU = Release|Any CPU
	EndGlobalSection
	GlobalSection(ProjectConfigurationPlatforms) = postSolution
		{B95BE89B-86F7-4D5F-93CA-497CCEEAE285}.Debug|Any CPU.ActiveCfg = Debug|Any CPU
		{B95BE89B-86F7-4D5F-93CA-497CCEEAE285}.Debug|Any CPU.Build.0 = Debug|Any CPU
		{B95BE89B-86F7-4D5F-93CA-497CCEEAE285}.Release|Any CPU.ActiveCfg = Release|Any CPU
		{B95BE89B-86F7-4D5F-93CA-497CCEEAE285}.Release|Any CPU.Build.0 = Release|Any CPU
	EndGlobalSection
	GlobalSection(SolutionProperties) = preSolution
		HideSolutionNode = FALSE
	EndGlobalSection
	GlobalSection(ExtensibilityGlobals) = postSolution
		SolutionGuid = {BED88347-63F2-4021-AF5E-8684A5C757B1}
	EndGlobalSection
EndGlobal
