
Microsoft Visual Studio Solution File, Format Version 12.00
# Visual Studio Version 16
VisualStudioVersion = 16.0.30225.117
MinimumVisualStudioVersion = 10.0.40219.1
Project("{FAE04EC0-301F-11D3-BF4B-00C04F79EFBC}") = "CS-ASP_012", "CS-ASP_012\CS-ASP_012.csproj", "{A40047E1-9388-40D9-87FB-2ACE271FF8AA}"
EndProject
Global
	GlobalSection(SolutionConfigurationPlatforms) = preSolution
		Debug|Any CPU = Debug|Any CPU
		Release|Any CPU = Release|Any CPU
	EndGlobalSection
	GlobalSection(ProjectConfigurationPlatforms) = postSolution
		{A40047E1-9388-40D9-87FB-2ACE271FF8AA}.Debug|Any CPU.ActiveCfg = Debug|Any CPU
		{A40047E1-9388-40D9-87FB-2ACE271FF8AA}.Debug|Any CPU.Build.0 = Debug|Any CPU
		{A40047E1-9388-40D9-87FB-2ACE271FF8AA}.Release|Any CPU.ActiveCfg = Release|Any CPU
		{A40047E1-9388-40D9-87FB-2ACE271FF8AA}.Release|Any CPU.Build.0 = Release|Any CPU
	EndGlobalSection
	GlobalSection(SolutionProperties) = preSolution
		HideSolutionNode = FALSE
	EndGlobalSection
	GlobalSection(ExtensibilityGlobals) = postSolution
		SolutionGuid = {80BC868A-313D-4E5B-B88E-A254AF497FFF}
	EndGlobalSection
EndGlobal
