
Microsoft Visual Studio Solution File, Format Version 12.00
# Visual Studio Version 16
VisualStudioVersion = 16.0.30225.117
MinimumVisualStudioVersion = 10.0.40219.1
Project("{FAE04EC0-301F-11D3-BF4B-00C04F79EFBC}") = "CS-ASP_015", "CS-ASP_015\CS-ASP_015.csproj", "{E3941C9E-07F9-4293-A2EE-92F3BA91B73B}"
EndProject
Global
	GlobalSection(SolutionConfigurationPlatforms) = preSolution
		Debug|Any CPU = Debug|Any CPU
		Release|Any CPU = Release|Any CPU
	EndGlobalSection
	GlobalSection(ProjectConfigurationPlatforms) = postSolution
		{E3941C9E-07F9-4293-A2EE-92F3BA91B73B}.Debug|Any CPU.ActiveCfg = Debug|Any CPU
		{E3941C9E-07F9-4293-A2EE-92F3BA91B73B}.Debug|Any CPU.Build.0 = Debug|Any CPU
		{E3941C9E-07F9-4293-A2EE-92F3BA91B73B}.Release|Any CPU.ActiveCfg = Release|Any CPU
		{E3941C9E-07F9-4293-A2EE-92F3BA91B73B}.Release|Any CPU.Build.0 = Release|Any CPU
	EndGlobalSection
	GlobalSection(SolutionProperties) = preSolution
		HideSolutionNode = FALSE
	EndGlobalSection
	GlobalSection(ExtensibilityGlobals) = postSolution
		SolutionGuid = {64E8EC0D-D028-4BB3-AAB0-B2EF1C734E1E}
	EndGlobalSection
EndGlobal
