
Microsoft Visual Studio Solution File, Format Version 12.00
# Visual Studio Version 16
VisualStudioVersion = 16.0.30225.117
MinimumVisualStudioVersion = 10.0.40219.1
Project("{FAE04EC0-301F-11D3-BF4B-00C04F79EFBC}") = "exception handle prac", "exception handle prac\exception handle prac.csproj", "{D417D38D-65AE-4DF7-BCE1-F231787FD8DE}"
EndProject
Global
	GlobalSection(SolutionConfigurationPlatforms) = preSolution
		Debug|Any CPU = Debug|Any CPU
		Release|Any CPU = Release|Any CPU
	EndGlobalSection
	GlobalSection(ProjectConfigurationPlatforms) = postSolution
		{D417D38D-65AE-4DF7-BCE1-F231787FD8DE}.Debug|Any CPU.ActiveCfg = Debug|Any CPU
		{D417D38D-65AE-4DF7-BCE1-F231787FD8DE}.Debug|Any CPU.Build.0 = Debug|Any CPU
		{D417D38D-65AE-4DF7-BCE1-F231787FD8DE}.Release|Any CPU.ActiveCfg = Release|Any CPU
		{D417D38D-65AE-4DF7-BCE1-F231787FD8DE}.Release|Any CPU.Build.0 = Release|Any CPU
	EndGlobalSection
	GlobalSection(SolutionProperties) = preSolution
		HideSolutionNode = FALSE
	EndGlobalSection
	GlobalSection(ExtensibilityGlobals) = postSolution
		SolutionGuid = {EEEBC931-AF9E-4A09-935E-80BEE5B964FC}
	EndGlobalSection
EndGlobal
