
Microsoft Visual Studio Solution File, Format Version 12.00
# Visual Studio Version 16
VisualStudioVersion = 16.0.30225.117
MinimumVisualStudioVersion = 10.0.40219.1
Project("{FAE04EC0-301F-11D3-BF4B-00C04F79EFBC}") = "chainconstr-prac", "chainconstr-prac\chainconstr-prac.csproj", "{70125B7E-44E6-4AD0-B377-5360E206031A}"
EndProject
Global
	GlobalSection(SolutionConfigurationPlatforms) = preSolution
		Debug|Any CPU = Debug|Any CPU
		Release|Any CPU = Release|Any CPU
	EndGlobalSection
	GlobalSection(ProjectConfigurationPlatforms) = postSolution
		{70125B7E-44E6-4AD0-B377-5360E206031A}.Debug|Any CPU.ActiveCfg = Debug|Any CPU
		{70125B7E-44E6-4AD0-B377-5360E206031A}.Debug|Any CPU.Build.0 = Debug|Any CPU
		{70125B7E-44E6-4AD0-B377-5360E206031A}.Release|Any CPU.ActiveCfg = Release|Any CPU
		{70125B7E-44E6-4AD0-B377-5360E206031A}.Release|Any CPU.Build.0 = Release|Any CPU
	EndGlobalSection
	GlobalSection(SolutionProperties) = preSolution
		HideSolutionNode = FALSE
	EndGlobalSection
	GlobalSection(ExtensibilityGlobals) = postSolution
		SolutionGuid = {43353AAB-EC9C-483C-99F7-EAE9E0F1F3D1}
	EndGlobalSection
EndGlobal
