
Microsoft Visual Studio Solution File, Format Version 12.00
# Visual Studio Version 16
VisualStudioVersion = 16.0.30225.117
MinimumVisualStudioVersion = 10.0.40219.1
Project("{FAE04EC0-301F-11D3-BF4B-00C04F79EFBC}") = "AssembliesAndNamespaces", "AssembliesAndNamespaces\AssembliesAndNamespaces.csproj", "{01E98180-F062-435A-82C4-A196531EC1F2}"
EndProject
Global
	GlobalSection(SolutionConfigurationPlatforms) = preSolution
		Debug|Any CPU = Debug|Any CPU
		Release|Any CPU = Release|Any CPU
	EndGlobalSection
	GlobalSection(ProjectConfigurationPlatforms) = postSolution
		{01E98180-F062-435A-82C4-A196531EC1F2}.Debug|Any CPU.ActiveCfg = Debug|Any CPU
		{01E98180-F062-435A-82C4-A196531EC1F2}.Debug|Any CPU.Build.0 = Debug|Any CPU
		{01E98180-F062-435A-82C4-A196531EC1F2}.Release|Any CPU.ActiveCfg = Release|Any CPU
		{01E98180-F062-435A-82C4-A196531EC1F2}.Release|Any CPU.Build.0 = Release|Any CPU
	EndGlobalSection
	GlobalSection(SolutionProperties) = preSolution
		HideSolutionNode = FALSE
	EndGlobalSection
	GlobalSection(ExtensibilityGlobals) = postSolution
		SolutionGuid = {3A0A2ACC-1141-4790-A27C-45D780A3DFCF}
	EndGlobalSection
EndGlobal
