
Microsoft Visual Studio Solution File, Format Version 12.00
# Visual Studio Version 16
VisualStudioVersion = 16.0.30225.117
MinimumVisualStudioVersion = 10.0.40219.1
Project("{FAE04EC0-301F-11D3-BF4B-00C04F79EFBC}") = "Polymorphism prac", "Polymorphism prac\Polymorphism prac.csproj", "{0F958C20-3C68-4486-A523-9426885163ED}"
EndProject
Global
	GlobalSection(SolutionConfigurationPlatforms) = preSolution
		Debug|Any CPU = Debug|Any CPU
		Release|Any CPU = Release|Any CPU
	EndGlobalSection
	GlobalSection(ProjectConfigurationPlatforms) = postSolution
		{0F958C20-3C68-4486-A523-9426885163ED}.Debug|Any CPU.ActiveCfg = Debug|Any CPU
		{0F958C20-3C68-4486-A523-9426885163ED}.Debug|Any CPU.Build.0 = Debug|Any CPU
		{0F958C20-3C68-4486-A523-9426885163ED}.Release|Any CPU.ActiveCfg = Release|Any CPU
		{0F958C20-3C68-4486-A523-9426885163ED}.Release|Any CPU.Build.0 = Release|Any CPU
	EndGlobalSection
	GlobalSection(SolutionProperties) = preSolution
		HideSolutionNode = FALSE
	EndGlobalSection
	GlobalSection(ExtensibilityGlobals) = postSolution
		SolutionGuid = {32FE2C53-5AB1-446C-8298-733E6220450D}
	EndGlobalSection
EndGlobal
