
Microsoft Visual Studio Solution File, Format Version 12.00
# Visual Studio Version 16
VisualStudioVersion = 16.0.30225.117
MinimumVisualStudioVersion = 10.0.40219.1
Project("{FAE04EC0-301F-11D3-BF4B-00C04F79EFBC}") = "nested prac", "nested prac\nested prac.csproj", "{CCC6E29E-7D36-4064-B055-83D69FBB566A}"
EndProject
Global
	GlobalSection(SolutionConfigurationPlatforms) = preSolution
		Debug|Any CPU = Debug|Any CPU
		Release|Any CPU = Release|Any CPU
	EndGlobalSection
	GlobalSection(ProjectConfigurationPlatforms) = postSolution
		{CCC6E29E-7D36-4064-B055-83D69FBB566A}.Debug|Any CPU.ActiveCfg = Debug|Any CPU
		{CCC6E29E-7D36-4064-B055-83D69FBB566A}.Debug|Any CPU.Build.0 = Debug|Any CPU
		{CCC6E29E-7D36-4064-B055-83D69FBB566A}.Release|Any CPU.ActiveCfg = Release|Any CPU
		{CCC6E29E-7D36-4064-B055-83D69FBB566A}.Release|Any CPU.Build.0 = Release|Any CPU
	EndGlobalSection
	GlobalSection(SolutionProperties) = preSolution
		HideSolutionNode = FALSE
	EndGlobalSection
	GlobalSection(ExtensibilityGlobals) = postSolution
		SolutionGuid = {BAE68CC7-0082-476B-9946-46C6000BD7A9}
	EndGlobalSection
EndGlobal
