
Microsoft Visual Studio Solution File, Format Version 12.00
# Visual Studio Version 16
VisualStudioVersion = 16.0.30225.117
MinimumVisualStudioVersion = 10.0.40219.1
Project("{FAE04EC0-301F-11D3-BF4B-00C04F79EFBC}") = "CS-ASP_018", "CS-ASP_018\CS-ASP_018.csproj", "{371E9C2F-E63E-4FEB-8B80-F84C284399C2}"
EndProject
Global
	GlobalSection(SolutionConfigurationPlatforms) = preSolution
		Debug|Any CPU = Debug|Any CPU
		Release|Any CPU = Release|Any CPU
	EndGlobalSection
	GlobalSection(ProjectConfigurationPlatforms) = postSolution
		{371E9C2F-E63E-4FEB-8B80-F84C284399C2}.Debug|Any CPU.ActiveCfg = Debug|Any CPU
		{371E9C2F-E63E-4FEB-8B80-F84C284399C2}.Debug|Any CPU.Build.0 = Debug|Any CPU
		{371E9C2F-E63E-4FEB-8B80-F84C284399C2}.Release|Any CPU.ActiveCfg = Release|Any CPU
		{371E9C2F-E63E-4FEB-8B80-F84C284399C2}.Release|Any CPU.Build.0 = Release|Any CPU
	EndGlobalSection
	GlobalSection(SolutionProperties) = preSolution
		HideSolutionNode = FALSE
	EndGlobalSection
	GlobalSection(ExtensibilityGlobals) = postSolution
		SolutionGuid = {A04B5B57-6DCF-49D4-8C06-E6DC7E03B6AE}
	EndGlobalSection
EndGlobal
