
Microsoft Visual Studio Solution File, Format Version 12.00
# Visual Studio Version 16
VisualStudioVersion = 16.0.30225.117
MinimumVisualStudioVersion = 10.0.40219.1
Project("{FAE04EC0-301F-11D3-BF4B-00C04F79EFBC}") = "CS-13_pizza challenge", "CS-13_pizza challenge\CS-13_pizza challenge.csproj", "{07DDE9EE-713E-4AA8-8090-515A6382D1FD}"
EndProject
Global
	GlobalSection(SolutionConfigurationPlatforms) = preSolution
		Debug|Any CPU = Debug|Any CPU
		Release|Any CPU = Release|Any CPU
	EndGlobalSection
	GlobalSection(ProjectConfigurationPlatforms) = postSolution
		{07DDE9EE-713E-4AA8-8090-515A6382D1FD}.Debug|Any CPU.ActiveCfg = Debug|Any CPU
		{07DDE9EE-713E-4AA8-8090-515A6382D1FD}.Debug|Any CPU.Build.0 = Debug|Any CPU
		{07DDE9EE-713E-4AA8-8090-515A6382D1FD}.Release|Any CPU.ActiveCfg = Release|Any CPU
		{07DDE9EE-713E-4AA8-8090-515A6382D1FD}.Release|Any CPU.Build.0 = Release|Any CPU
	EndGlobalSection
	GlobalSection(SolutionProperties) = preSolution
		HideSolutionNode = FALSE
	EndGlobalSection
	GlobalSection(ExtensibilityGlobals) = postSolution
		SolutionGuid = {D1EC14EF-A8A1-482C-9691-B51291B9F7DD}
	EndGlobalSection
EndGlobal
