
Microsoft Visual Studio Solution File, Format Version 12.00
# Visual Studio Version 16
VisualStudioVersion = 16.0.30225.117
MinimumVisualStudioVersion = 10.0.40219.1
Project("{FAE04EC0-301F-11D3-BF4B-00C04F79EFBC}") = "CS-ASP_022", "CS-ASP_022\CS-ASP_022.csproj", "{3B4CFF24-0298-4352-9B77-FC102007A7EB}"
EndProject
Global
	GlobalSection(SolutionConfigurationPlatforms) = preSolution
		Debug|Any CPU = Debug|Any CPU
		Release|Any CPU = Release|Any CPU
	EndGlobalSection
	GlobalSection(ProjectConfigurationPlatforms) = postSolution
		{3B4CFF24-0298-4352-9B77-FC102007A7EB}.Debug|Any CPU.ActiveCfg = Debug|Any CPU
		{3B4CFF24-0298-4352-9B77-FC102007A7EB}.Debug|Any CPU.Build.0 = Debug|Any CPU
		{3B4CFF24-0298-4352-9B77-FC102007A7EB}.Release|Any CPU.ActiveCfg = Release|Any CPU
		{3B4CFF24-0298-4352-9B77-FC102007A7EB}.Release|Any CPU.Build.0 = Release|Any CPU
	EndGlobalSection
	GlobalSection(SolutionProperties) = preSolution
		HideSolutionNode = FALSE
	EndGlobalSection
	GlobalSection(ExtensibilityGlobals) = postSolution
		SolutionGuid = {FE862B4F-AA3D-45EA-B649-678A248F623C}
	EndGlobalSection
EndGlobal
