
Microsoft Visual Studio Solution File, Format Version 12.00
# Visual Studio Version 16
VisualStudioVersion = 16.0.30225.117
MinimumVisualStudioVersion = 10.0.40219.1
Project("{FAE04EC0-301F-11D3-BF4B-00C04F79EFBC}") = "guess game", "guess game\guess game.csproj", "{9293D269-4DF7-42FA-945E-BE702C91F4A5}"
EndProject
Global
	GlobalSection(SolutionConfigurationPlatforms) = preSolution
		Debug|Any CPU = Debug|Any CPU
		Release|Any CPU = Release|Any CPU
	EndGlobalSection
	GlobalSection(ProjectConfigurationPlatforms) = postSolution
		{9293D269-4DF7-42FA-945E-BE702C91F4A5}.Debug|Any CPU.ActiveCfg = Debug|Any CPU
		{9293D269-4DF7-42FA-945E-BE702C91F4A5}.Debug|Any CPU.Build.0 = Debug|Any CPU
		{9293D269-4DF7-42FA-945E-BE702C91F4A5}.Release|Any CPU.ActiveCfg = Release|Any CPU
		{9293D269-4DF7-42FA-945E-BE702C91F4A5}.Release|Any CPU.Build.0 = Release|Any CPU
	EndGlobalSection
	GlobalSection(SolutionProperties) = preSolution
		HideSolutionNode = FALSE
	EndGlobalSection
	GlobalSection(ExtensibilityGlobals) = postSolution
		SolutionGuid = {B04D6643-CE16-46C8-A187-7AD1007EA82F}
	EndGlobalSection
EndGlobal
