
Microsoft Visual Studio Solution File, Format Version 12.00
# Visual Studio Version 16
VisualStudioVersion = 16.0.30225.117
MinimumVisualStudioVersion = 10.0.40219.1
Project("{FAE04EC0-301F-11D3-BF4B-00C04F79EFBC}") = "ChallengeConditionalRadioButton", "ChallengeConditionalRadioButton\ChallengeConditionalRadioButton.csproj", "{C1540065-C5EB-49FE-BE76-34F5AA2B2EDB}"
EndProject
Global
	GlobalSection(SolutionConfigurationPlatforms) = preSolution
		Debug|Any CPU = Debug|Any CPU
		Release|Any CPU = Release|Any CPU
	EndGlobalSection
	GlobalSection(ProjectConfigurationPlatforms) = postSolution
		{C1540065-C5EB-49FE-BE76-34F5AA2B2EDB}.Debug|Any CPU.ActiveCfg = Debug|Any CPU
		{C1540065-C5EB-49FE-BE76-34F5AA2B2EDB}.Debug|Any CPU.Build.0 = Debug|Any CPU
		{C1540065-C5EB-49FE-BE76-34F5AA2B2EDB}.Release|Any CPU.ActiveCfg = Release|Any CPU
		{C1540065-C5EB-49FE-BE76-34F5AA2B2EDB}.Release|Any CPU.Build.0 = Release|Any CPU
	EndGlobalSection
	GlobalSection(SolutionProperties) = preSolution
		HideSolutionNode = FALSE
	EndGlobalSection
	GlobalSection(ExtensibilityGlobals) = postSolution
		SolutionGuid = {7477EF08-A6EF-4BFA-BAC2-5A87CFFA38A3}
	EndGlobalSection
EndGlobal
