
Microsoft Visual Studio Solution File, Format Version 12.00
# Visual Studio Version 16
VisualStudioVersion = 16.0.30225.117
MinimumVisualStudioVersion = 10.0.40219.1
Project("{FAE04EC0-301F-11D3-BF4B-00C04F79EFBC}") = "MyFirstWebApp", "MyFirstWebApp\MyFirstWebApp.csproj", "{682AD76D-AAA9-4FFF-A723-9B23A4726D83}"
EndProject
Global
	GlobalSection(SolutionConfigurationPlatforms) = preSolution
		Debug|Any CPU = Debug|Any CPU
		Release|Any CPU = Release|Any CPU
	EndGlobalSection
	GlobalSection(ProjectConfigurationPlatforms) = postSolution
		{682AD76D-AAA9-4FFF-A723-9B23A4726D83}.Debug|Any CPU.ActiveCfg = Debug|Any CPU
		{682AD76D-AAA9-4FFF-A723-9B23A4726D83}.Debug|Any CPU.Build.0 = Debug|Any CPU
		{682AD76D-AAA9-4FFF-A723-9B23A4726D83}.Release|Any CPU.ActiveCfg = Release|Any CPU
		{682AD76D-AAA9-4FFF-A723-9B23A4726D83}.Release|Any CPU.Build.0 = Release|Any CPU
	EndGlobalSection
	GlobalSection(SolutionProperties) = preSolution
		HideSolutionNode = FALSE
	EndGlobalSection
	GlobalSection(ExtensibilityGlobals) = postSolution
		SolutionGuid = {6C7DF450-EDBD-4A4A-92FC-858778240F93}
	EndGlobalSection
EndGlobal
