
Microsoft Visual Studio Solution File, Format Version 12.00
# Visual Studio Version 16
VisualStudioVersion = 16.0.30225.117
MinimumVisualStudioVersion = 10.0.40219.1
Project("{FAE04EC0-301F-11D3-BF4B-00C04F79EFBC}") = "ClassesAndObjects prac", "ClassesAndObjects prac\ClassesAndObjects prac.csproj", "{C47812AE-71F1-4C80-B739-7C4A2F1DB76F}"
EndProject
Project("{FAE04EC0-301F-11D3-BF4B-00C04F79EFBC}") = "Casino", "Casino\Casino.csproj", "{77A19ACF-877F-436B-9516-10E0833EB5B9}"
EndProject
Global
	GlobalSection(SolutionConfigurationPlatforms) = preSolution
		Debug|Any CPU = Debug|Any CPU
		Release|Any CPU = Release|Any CPU
	EndGlobalSection
	GlobalSection(ProjectConfigurationPlatforms) = postSolution
		{C47812AE-71F1-4C80-B739-7C4A2F1DB76F}.Debug|Any CPU.ActiveCfg = Debug|Any CPU
		{C47812AE-71F1-4C80-B739-7C4A2F1DB76F}.Debug|Any CPU.Build.0 = Debug|Any CPU
		{C47812AE-71F1-4C80-B739-7C4A2F1DB76F}.Release|Any CPU.ActiveCfg = Release|Any CPU
		{C47812AE-71F1-4C80-B739-7C4A2F1DB76F}.Release|Any CPU.Build.0 = Release|Any CPU
		{77A19ACF-877F-436B-9516-10E0833EB5B9}.Debug|Any CPU.ActiveCfg = Debug|Any CPU
		{77A19ACF-877F-436B-9516-10E0833EB5B9}.Debug|Any CPU.Build.0 = Debug|Any CPU
		{77A19ACF-877F-436B-9516-10E0833EB5B9}.Release|Any CPU.ActiveCfg = Release|Any CPU
		{77A19ACF-877F-436B-9516-10E0833EB5B9}.Release|Any CPU.Build.0 = Release|Any CPU
	EndGlobalSection
	GlobalSection(SolutionProperties) = preSolution
		HideSolutionNode = FALSE
	EndGlobalSection
	GlobalSection(ExtensibilityGlobals) = postSolution
		SolutionGuid = {B2AA0D6C-409D-4764-8D40-CE68FCDD8DDB}
	EndGlobalSection
EndGlobal
