
Microsoft Visual Studio Solution File, Format Version 12.00
# Visual Studio Version 16
VisualStudioVersion = 16.0.30225.117
MinimumVisualStudioVersion = 10.0.40219.1
Project("{FAE04EC0-301F-11D3-BF4B-00C04F79EFBC}") = "CS-ASP_021", "CS-ASP_021\CS-ASP_021.csproj", "{FD14EF58-0E53-4F61-A0FB-F42F2E3580FE}"
EndProject
Global
	GlobalSection(SolutionConfigurationPlatforms) = preSolution
		Debug|Any CPU = Debug|Any CPU
		Release|Any CPU = Release|Any CPU
	EndGlobalSection
	GlobalSection(ProjectConfigurationPlatforms) = postSolution
		{FD14EF58-0E53-4F61-A0FB-F42F2E3580FE}.Debug|Any CPU.ActiveCfg = Debug|Any CPU
		{FD14EF58-0E53-4F61-A0FB-F42F2E3580FE}.Debug|Any CPU.Build.0 = Debug|Any CPU
		{FD14EF58-0E53-4F61-A0FB-F42F2E3580FE}.Release|Any CPU.ActiveCfg = Release|Any CPU
		{FD14EF58-0E53-4F61-A0FB-F42F2E3580FE}.Release|Any CPU.Build.0 = Release|Any CPU
	EndGlobalSection
	GlobalSection(SolutionProperties) = preSolution
		HideSolutionNode = FALSE
	EndGlobalSection
	GlobalSection(ExtensibilityGlobals) = postSolution
		SolutionGuid = {173F19C3-E295-445B-82AF-23BE8B18B49D}
	EndGlobalSection
EndGlobal
