
Microsoft Visual Studio Solution File, Format Version 12.00
# Visual Studio Version 16
VisualStudioVersion = 16.0.30225.117
MinimumVisualStudioVersion = 10.0.40219.1
Project("{FAE04EC0-301F-11D3-BF4B-00C04F79EFBC}") = "workingwithstrings", "workingwithstrings\workingwithstrings.csproj", "{52FEB15A-42A3-45A2-BAC8-BAE9FEDD3216}"
EndProject
Global
	GlobalSection(SolutionConfigurationPlatforms) = preSolution
		Debug|Any CPU = Debug|Any CPU
		Release|Any CPU = Release|Any CPU
	EndGlobalSection
	GlobalSection(ProjectConfigurationPlatforms) = postSolution
		{52FEB15A-42A3-45A2-BAC8-BAE9FEDD3216}.Debug|Any CPU.ActiveCfg = Debug|Any CPU
		{52FEB15A-42A3-45A2-BAC8-BAE9FEDD3216}.Debug|Any CPU.Build.0 = Debug|Any CPU
		{52FEB15A-42A3-45A2-BAC8-BAE9FEDD3216}.Release|Any CPU.ActiveCfg = Release|Any CPU
		{52FEB15A-42A3-45A2-BAC8-BAE9FEDD3216}.Release|Any CPU.Build.0 = Release|Any CPU
	EndGlobalSection
	GlobalSection(SolutionProperties) = preSolution
		HideSolutionNode = FALSE
	EndGlobalSection
	GlobalSection(ExtensibilityGlobals) = postSolution
		SolutionGuid = {17C17791-7A59-4034-A3EF-D128A894E83F}
	EndGlobalSection
EndGlobal
