
Microsoft Visual Studio Solution File, Format Version 12.00
# Visual Studio Version 16
VisualStudioVersion = 16.0.30225.117
MinimumVisualStudioVersion = 10.0.40219.1
Project("{FAE04EC0-301F-11D3-BF4B-00C04F79EFBC}") = "Generics prac", "Generics prac\Generics prac.csproj", "{B87B51F9-EC3B-4738-B67E-E52666CECB6C}"
EndProject
Global
	GlobalSection(SolutionConfigurationPlatforms) = preSolution
		Debug|Any CPU = Debug|Any CPU
		Release|Any CPU = Release|Any CPU
	EndGlobalSection
	GlobalSection(ProjectConfigurationPlatforms) = postSolution
		{B87B51F9-EC3B-4738-B67E-E52666CECB6C}.Debug|Any CPU.ActiveCfg = Debug|Any CPU
		{B87B51F9-EC3B-4738-B67E-E52666CECB6C}.Debug|Any CPU.Build.0 = Debug|Any CPU
		{B87B51F9-EC3B-4738-B67E-E52666CECB6C}.Release|Any CPU.ActiveCfg = Release|Any CPU
		{B87B51F9-EC3B-4738-B67E-E52666CECB6C}.Release|Any CPU.Build.0 = Release|Any CPU
	EndGlobalSection
	GlobalSection(SolutionProperties) = preSolution
		HideSolutionNode = FALSE
	EndGlobalSection
	GlobalSection(ExtensibilityGlobals) = postSolution
		SolutionGuid = {A0574682-8265-4BA3-89CD-04B5DA25A85A}
	EndGlobalSection
EndGlobal
